
Microsoft Visual Studio Solution File, Format Version 12.00
# Visual Studio Version 17
VisualStudioVersion = 17.7.34202.233
MinimumVisualStudioVersion = 10.0.40219.1
Project("{9A19103F-16F7-4668-BE54-9A1E7A4F7556}") = "Auth_Services.API", "Auth_Services.API\Auth_Services.API.csproj", "{7DF266D2-3E17-4346-8233-D395B0BFDBD9}"
EndProject
Project("{9A19103F-16F7-4668-BE54-9A1E7A4F7556}") = "Auth_Services.Domain", "Auth_Services.Domain\Auth_Services.Domain.csproj", "{418EA351-EE12-45A4-B795-8A27DC9F99D1}"
EndProject
Project("{9A19103F-16F7-4668-BE54-9A1E7A4F7556}") = "Auth_Services.Infrastructure", "Auth_Services.Infrastructure\Auth_Services.Infrastructure.csproj", "{54496ACF-7F6D-46C0-A462-2CDAAA5CDDFD}"
EndProject
Project("{9A19103F-16F7-4668-BE54-9A1E7A4F7556}") = "Auth_Services.Application", "Auth_Services.Application\Auth_Services.Application.csproj", "{C0B1B263-9998-4F30-B866-BEE0102622AD}"
EndProject
Project("{E53339B2-1760-4266-BCC7-CA923CBCF16C}") = "docker-compose", "docker-compose.dcproj", "{27790048-5AA7-4668-A8FC-A960A470C4A7}"
EndProject
Global
	GlobalSection(SolutionConfigurationPlatforms) = preSolution
		Debug|Any CPU = Debug|Any CPU
		Release|Any CPU = Release|Any CPU
	EndGlobalSection
	GlobalSection(ProjectConfigurationPlatforms) = postSolution
		{7DF266D2-3E17-4346-8233-D395B0BFDBD9}.Debug|Any CPU.ActiveCfg = Debug|Any CPU
		{7DF266D2-3E17-4346-8233-D395B0BFDBD9}.Debug|Any CPU.Build.0 = Debug|Any CPU
		{7DF266D2-3E17-4346-8233-D395B0BFDBD9}.Release|Any CPU.ActiveCfg = Release|Any CPU
		{7DF266D2-3E17-4346-8233-D395B0BFDBD9}.Release|Any CPU.Build.0 = Release|Any CPU
		{418EA351-EE12-45A4-B795-8A27DC9F99D1}.Debug|Any CPU.ActiveCfg = Debug|Any CPU
		{418EA351-EE12-45A4-B795-8A27DC9F99D1}.Debug|Any CPU.Build.0 = Debug|Any CPU
		{418EA351-EE12-45A4-B795-8A27DC9F99D1}.Release|Any CPU.ActiveCfg = Release|Any CPU
		{418EA351-EE12-45A4-B795-8A27DC9F99D1}.Release|Any CPU.Build.0 = Release|Any CPU
		{54496ACF-7F6D-46C0-A462-2CDAAA5CDDFD}.Debug|Any CPU.ActiveCfg = Debug|Any CPU
		{54496ACF-7F6D-46C0-A462-2CDAAA5CDDFD}.Debug|Any CPU.Build.0 = Debug|Any CPU
		{54496ACF-7F6D-46C0-A462-2CDAAA5CDDFD}.Release|Any CPU.ActiveCfg = Release|Any CPU
		{54496ACF-7F6D-46C0-A462-2CDAAA5CDDFD}.Release|Any CPU.Build.0 = Release|Any CPU
		{C0B1B263-9998-4F30-B866-BEE0102622AD}.Debug|Any CPU.ActiveCfg = Debug|Any CPU
		{C0B1B263-9998-4F30-B866-BEE0102622AD}.Debug|Any CPU.Build.0 = Debug|Any CPU
		{C0B1B263-9998-4F30-B866-BEE0102622AD}.Release|Any CPU.ActiveCfg = Release|Any CPU
		{C0B1B263-9998-4F30-B866-BEE0102622AD}.Release|Any CPU.Build.0 = Release|Any CPU
		{27790048-5AA7-4668-A8FC-A960A470C4A7}.Debug|Any CPU.ActiveCfg = Debug|Any CPU
		{27790048-5AA7-4668-A8FC-A960A470C4A7}.Debug|Any CPU.Build.0 = Debug|Any CPU
		{27790048-5AA7-4668-A8FC-A960A470C4A7}.Release|Any CPU.ActiveCfg = Release|Any CPU
		{27790048-5AA7-4668-A8FC-A960A470C4A7}.Release|Any CPU.Build.0 = Release|Any CPU
	EndGlobalSection
	GlobalSection(SolutionProperties) = preSolution
		HideSolutionNode = FALSE
	EndGlobalSection
	GlobalSection(ExtensibilityGlobals) = postSolution
		SolutionGuid = {DD170B3D-AF59-448D-B3D4-C9F4022B1A08}
	EndGlobalSection
EndGlobal
